// !$*UTF8*$!
{
	archiveVersion = 1;
	classes = {
	};
	objectVersion = 46;
	objects = {

/* Begin PBXBuildFile section */
		943A8C281E1127B900455944 /* main.m in Sources */ = {isa = PBXBuildFile; fileRef = 943A8C271E1127B900455944 /* main.m */; };
		943A8C2B1E1127B900455944 /* AppDelegate.m in Sources */ = {isa = PBXBuildFile; fileRef = 943A8C2A1E1127B900455944 /* AppDelegate.m */; };
		943A8C2E1E1127B900455944 /* ViewController.m in Sources */ = {isa = PBXBuildFile; fileRef = 943A8C2D1E1127B900455944 /* ViewController.m */; };
		943A8C311E1127B900455944 /* Main.storyboard in Resources */ = {isa = PBXBuildFile; fileRef = 943A8C2F1E1127B900455944 /* Main.storyboard */; };
		943A8C331E1127B900455944 /* Assets.xcassets in Resources */ = {isa = PBXBuildFile; fileRef = 943A8C321E1127B900455944 /* Assets.xcassets */; };
		943A8C361E1127B900455944 /* LaunchScreen.storyboard in Resources */ = {isa = PBXBuildFile; fileRef = 943A8C341E1127B900455944 /* LaunchScreen.storyboard */; };
		943A8C401E11280200455944 /* JXAttributeLabel.m in Sources */ = {isa = PBXBuildFile; fileRef = 943A8C3F1E11280200455944 /* JXAttributeLabel.m */; };
/* End PBXBuildFile section */

/* Begin PBXFileReference section */
		943A8C231E1127B900455944 /* JXAttributeLabelDemo.app */ = {isa = PBXFileReference; explicitFileType = wrapper.application; includeInIndex = 0; path = JXAttributeLabelDemo.app; sourceTree = BUILT_PRODUCTS_DIR; };
		943A8C271E1127B900455944 /* main.m */ = {isa = PBXFileReference; lastKnownFileType = sourcecode.c.objc; path = main.m; sourceTree = "<group>"; };
		943A8C291E1127B900455944 /* AppDelegate.h */ = {isa = PBXFileReference; lastKnownFileType = sourcecode.c.h; path = AppDelegate.h; sourceTree = "<group>"; };
		943A8C2A1E1127B900455944 /* AppDelegate.m */ = {isa = PBXFileReference; lastKnownFileType = sourcecode.c.objc; path = AppDelegate.m; sourceTree = "<group>"; };
		943A8C2C1E1127B900455944 /* ViewController.h */ = {isa = PBXFileReference; lastKnownFileType = sourcecode.c.h; path = ViewController.h; sourceTree = "<group>"; };
		943A8C2D1E1127B900455944 /* ViewController.m */ = {isa = PBXFileReference; lastKnownFileType = sourcecode.c.objc; path = ViewController.m; sourceTree = "<group>"; };
		943A8C301E1127B900455944 /* Base */ = {isa = PBXFileReference; lastKnownFileType = file.storyboard; name = Base; path = Base.lproj/Main.storyboard; sourceTree = "<group>"; };
		943A8C321E1127B900455944 /* Assets.xcassets */ = {isa = PBXFileReference; lastKnownFileType = folder.assetcatalog; path = Assets.xcassets; sourceTree = "<group>"; };
		943A8C351E1127B900455944 /* Base */ = {isa = PBXFileReference; lastKnownFileType = file.storyboard; name = Base; path = Base.lproj/LaunchScreen.storyboard; sourceTree = "<group>"; };
		943A8C371E1127B900455944 /* Info.plist */ = {isa = PBXFileReference; lastKnownFileType = text.plist.xml; path = Info.plist; sourceTree = "<group>"; };
		943A8C3E1E11280200455944 /* JXAttributeLabel.h */ = {isa = PBXFileReference; fileEncoding = 4; lastKnownFileType = sourcecode.c.h; path = JXAttributeLabel.h; sourceTree = "<group>"; };
		943A8C3F1E11280200455944 /* JXAttributeLabel.m */ = {isa = PBXFileReference; fileEncoding = 4; lastKnownFileType = sourcecode.c.objc; path = JXAttributeLabel.m; sourceTree = "<group>"; };
/* End PBXFileReference section */

/* Begin PBXFrameworksBuildPhase section */
		943A8C201E1127B900455944 /* Frameworks */ = {
			isa = PBXFrameworksBuildPhase;
			buildActionMask = 2147483647;
			files = (
			);
			runOnlyForDeploymentPostprocessing = 0;
		};
/* End PBXFrameworksBuildPhase section */

/* Begin PBXGroup section */
		943A8C1A1E1127B900455944 = {
			isa = PBXGroup;
			children = (
				943A8C251E1127B900455944 /* JXAttributeLabelDemo */,
				943A8C241E1127B900455944 /* Products */,
			);
			sourceTree = "<group>";
		};
		943A8C241E1127B900455944 /* Products */ = {
			isa = PBXGroup;
			children = (
				943A8C231E1127B900455944 /* JXAttributeLabelDemo.app */,
			);
			name = Products;
			sourceTree = "<group>";
		};
		943A8C251E1127B900455944 /* JXAttributeLabelDemo */ = {
			isa = PBXGroup;
			children = (
				943A8C3D1E1127ED00455944 /* JXAttributeLabel */,
				943A8C291E1127B900455944 /* AppDelegate.h */,
				943A8C2A1E1127B900455944 /* AppDelegate.m */,
				943A8C2C1E1127B900455944 /* ViewController.h */,
				943A8C2D1E1127B900455944 /* ViewController.m */,
				943A8C2F1E1127B900455944 /* Main.storyboard */,
				943A8C321E1127B900455944 /* Assets.xcassets */,
				943A8C341E1127B900455944 /* LaunchScreen.storyboard */,
				943A8C371E1127B900455944 /* Info.plist */,
				943A8C261E1127B900455944 /* Supporting Files */,
			);
			path = JXAttributeLabelDemo;
			sourceTree = "<group>";
		};
		943A8C261E1127B900455944 /* Supporting Files */ = {
			isa = PBXGroup;
			children = (
				943A8C271E1127B900455944 /* main.m */,
			);
			name = "Supporting Files";
			sourceTree = "<group>";
		};
		943A8C3D1E1127ED00455944 /* JXAttributeLabel */ = {
			isa = PBXGroup;
			children = (
				943A8C3E1E11280200455944 /* JXAttributeLabel.h */,
				943A8C3F1E11280200455944 /* JXAttributeLabel.m */,
			);
			path = JXAttributeLabel;
			sourceTree = "<group>";
		};
/* End PBXGroup section */

/* Begin PBXNativeTarget section */
		943A8C221E1127B900455944 /* JXAttributeLabelDemo */ = {
			isa = PBXNativeTarget;
			buildConfigurationList = 943A8C3A1E1127B900455944 /* Build configuration list for PBXNativeTarget "JXAttributeLabelDemo" */;
			buildPhases = (
				943A8C1F1E1127B900455944 /* Sources */,
				943A8C201E1127B900455944 /* Frameworks */,
				943A8C211E1127B900455944 /* Resources */,
			);
			buildRules = (
			);
			dependencies = (
			);
			name = JXAttributeLabelDemo;
			productName = JXAttributeLabelDemo;
			productReference = 943A8C231E1127B900455944 /* JXAttributeLabelDemo.app */;
			productType = "com.apple.product-type.application";
		};
/* End PBXNativeTarget section */

/* Begin PBXProject section */
		943A8C1B1E1127B900455944 /* Project object */ = {
			isa = PBXProject;
			attributes = {
				LastUpgradeCheck = 0810;
				ORGANIZATIONNAME = JiongXing;
				TargetAttributes = {
					943A8C221E1127B900455944 = {
						CreatedOnToolsVersion = 8.1;
						ProvisioningStyle = Automatic;
					};
				};
			};
			buildConfigurationList = 943A8C1E1E1127B900455944 /* Build configuration list for PBXProject "JXAttributeLabelDemo" */;
			compatibilityVersion = "Xcode 3.2";
			developmentRegion = English;
			hasScannedForEncodings = 0;
			knownRegions = (
				en,
				Base,
			);
			mainGroup = 943A8C1A1E1127B900455944;
			productRefGroup = 943A8C241E1127B900455944 /* Products */;
			projectDirPath = "";
			projectRoot = "";
			targets = (
				943A8C221E1127B900455944 /* JXAttributeLabelDemo */,
			);
		};
/* End PBXProject section */

/* Begin PBXResourcesBuildPhase section */
		943A8C211E1127B900455944 /* Resources */ = {
			isa = PBXResourcesBuildPhase;
			buildActionMask = 2147483647;
			files = (
				943A8C361E1127B900455944 /* LaunchScreen.storyboard in Resources */,
				943A8C331E1127B900455944 /* Assets.xcassets in Resources */,
				943A8C311E1127B900455944 /* Main.storyboard in Resources */,
			);
			runOnlyForDeploymentPostprocessing = 0;
		};
/* End PBXResourcesBuildPhase section */

/* Begin PBXSourcesBuildPhase section */
		943A8C1F1E1127B900455944 /* Sources */ = {
			isa = PBXSourcesBuildPhase;
			buildActionMask = 2147483647;
			files = (
				943A8C2E1E1127B900455944 /* ViewController.m in Sources */,
				943A8C2B1E1127B900455944 /* AppDelegate.m in Sources */,
				943A8C281E1127B900455944 /* main.m in Sources */,
				943A8C401E11280200455944 /* JXAttributeLabel.m in Sources */,
			);
			runOnlyForDeploymentPostprocessing = 0;
		};
/* End PBXSourcesBuildPhase section */

/* Begin PBXVariantGroup section */
		943A8C2F1E1127B900455944 /* Main.storyboard */ = {
			isa = PBXVariantGroup;
			children = (
				943A8C301E1127B900455944 /* Base */,
			);
			name = Main.storyboard;
			sourceTree = "<group>";
		};
		943A8C341E1127B900455944 /* LaunchScreen.storyboard */ = {
			isa = PBXVariantGroup;
			children = (
				943A8C351E1127B900455944 /* Base */,
			);
			name = LaunchScreen.storyboard;
			sourceTree = "<group>";
		};
/* End PBXVariantGroup section */

/* Begin XCBuildConfiguration section */
		943A8C381E1127B900455944 /* Debug */ = {
			isa = XCBuildConfiguration;
			buildSettings = {
				ALWAYS_SEARCH_USER_PATHS = NO;
				CLANG_ANALYZER_NONNULL = YES;
				CLANG_CXX_LANGUAGE_STANDARD = "gnu++0x";
				CLANG_CXX_LIBRARY = "libc++";
				CLANG_ENABLE_MODULES = YES;
				CLANG_ENABLE_OBJC_ARC = YES;
				CLANG_WARN_BOOL_CONVERSION = YES;
				CLANG_WARN_CONSTANT_CONVERSION = YES;
				CLANG_WARN_DIRECT_OBJC_ISA_USAGE = YES_ERROR;
				CLANG_WARN_DOCUMENTATION_COMMENTS = YES;
				CLANG_WARN_EMPTY_BODY = YES;
				CLANG_WARN_ENUM_CONVERSION = YES;
				CLANG_WARN_INFINITE_RECURSION = YES;
				CLANG_WARN_INT_CONVERSION = YES;
				CLANG_WARN_OBJC_ROOT_CLASS = YES_ERROR;
				CLANG_WARN_SUSPICIOUS_MOVES = YES;
				CLANG_WARN_UNREACHABLE_CODE = YES;
				CLANG_WARN__DUPLICATE_METHOD_MATCH = YES;
				"CODE_SIGN_IDENTITY[sdk=iphoneos*]" = "iPhone Developer";
				COPY_PHASE_STRIP = NO;
				DEBUG_INFORMATION_FORMAT = dwarf;
				ENABLE_STRICT_OBJC_MSGSEND = YES;
				ENABLE_TESTABILITY = YES;
				GCC_C_LANGUAGE_STANDARD = gnu99;
				GCC_DYNAMIC_NO_PIC = NO;
				GCC_NO_COMMON_BLOCKS = YES;
				GCC_OPTIMIZATION_LEVEL = 0;
				GCC_PREPROCESSOR_DEFINITIONS = (
					"DEBUG=1",
					"$(inherited)",
				);
				GCC_WARN_64_TO_32_BIT_CONVERSION = YES;
				GCC_WARN_ABOUT_RETURN_TYPE = YES_ERROR;
				GCC_WARN_UNDECLARED_SELECTOR = YES;
				GCC_WARN_UNINITIALIZED_AUTOS = YES_AGGRESSIVE;
				GCC_WARN_UNUSED_FUNCTION = YES;
				GCC_WARN_UNUSED_VARIABLE = YES;
				IPHONEOS_DEPLOYMENT_TARGET = 9.0;
				MTL_ENABLE_DEBUG_INFO = YES;
				ONLY_ACTIVE_ARCH = YES;
				SDKROOT = iphoneos;
			};
			name = Debug;
		};
		943A8C391E1127B900455944 /* Release */ = {
			isa = XCBuildConfiguration;
			buildSettings = {
				ALWAYS_SEARCH_USER_PATHS = NO;
				CLANG_ANALYZER_NONNULL = YES;
				CLANG_CXX_LANGUAGE_STANDARD = "gnu++0x";
				CLANG_CXX_LIBRARY = "libc++";
				CLANG_ENABLE_MODULES = YES;
				CLANG_ENABLE_OBJC_ARC = YES;
				CLANG_WARN_BOOL_CONVERSION = YES;
				CLANG_WARN_CONSTANT_CONVERSION = YES;
				CLANG_WARN_DIRECT_OBJC_ISA_USAGE = YES_ERROR;
				CLANG_WARN_DOCUMENTATION_COMMENTS = YES;
				CLANG_WARN_EMPTY_BODY = YES;
				CLANG_WARN_ENUM_CONVERSION = YES;
				CLANG_WARN_INFINITE_RECURSION = YES;
				CLANG_WARN_INT_CONVERSION = YES;
				CLANG_WARN_OBJC_ROOT_CLASS = YES_ERROR;
				CLANG_WARN_SUSPICIOUS_MOVES = YES;
				CLANG_WARN_UNREACHABLE_CODE = YES;
				CLANG_WARN__DUPLICATE_METHOD_MATCH = YES;
				"CODE_SIGN_IDENTITY[sdk=iphoneos*]" = "iPhone Developer";
				COPY_PHASE_STRIP = NO;
				DEBUG_INFORMATION_FORMAT = "dwarf-with-dsym";
				ENABLE_NS_ASSERTIONS = NO;
				ENABLE_STRICT_OBJC_MSGSEND = YES;
				GCC_C_LANGUAGE_STANDARD = gnu99;
				GCC_NO_COMMON_BLOCKS = YES;
				GCC_WARN_64_TO_32_BIT_CONVERSION = YES;
				GCC_WARN_ABOUT_RETURN_TYPE = YES_ERROR;
				GCC_WARN_UNDECLARED_SELECTOR = YES;
				GCC_WARN_UNINITIALIZED_AUTOS = YES_AGGRESSIVE;
				GCC_WARN_UNUSED_FUNCTION = YES;
				GCC_WARN_UNUSED_VARIABLE = YES;
				IPHONEOS_DEPLOYMENT_TARGET = 9.0;
				MTL_ENABLE_DEBUG_INFO = NO;
				SDKROOT = iphoneos;
				VALIDATE_PRODUCT = YES;
			};
			name = Release;
		};
		943A8C3B1E1127B900455944 /* Debug */ = {
			isa = XCBuildConfiguration;
			buildSettings = {
				ASSETCATALOG_COMPILER_APPICON_NAME = AppIcon;
				INFOPLIST_FILE = JXAttributeLabelDemo/Info.plist;
				LD_RUNPATH_SEARCH_PATHS = "$(inherited) @executable_path/Frameworks";
				PRODUCT_BUNDLE_IDENTIFIER = JiongXing.JXAttributeLabelDemo;
				PRODUCT_NAME = "$(TARGET_NAME)";
			};
			name = Debug;
		};
		943A8C3C1E1127B900455944 /* Release */ = {
			isa = XCBuildConfiguration;
			buildSettings = {
				ASSETCATALOG_COMPILER_APPICON_NAME = AppIcon;
				INFOPLIST_FILE = JXAttributeLabelDemo/Info.plist;
				LD_RUNPATH_SEARCH_PATHS = "$(inherited) @executable_path/Frameworks";
				PRODUCT_BUNDLE_IDENTIFIER = JiongXing.JXAttributeLabelDemo;
				PRODUCT_NAME = "$(TARGET_NAME)";
			};
			name = Release;
		};
/* End XCBuildConfiguration section */

/* Begin XCConfigurationList section */
		943A8C1E1E1127B900455944 /* Build configuration list for PBXProject "JXAttributeLabelDemo" */ = {
			isa = XCConfigurationList;
			buildConfigurations = (
				943A8C381E1127B900455944 /* Debug */,
				943A8C391E1127B900455944 /* Release */,
			);
			defaultConfigurationIsVisible = 0;
			defaultConfigurationName = Release;
		};
		943A8C3A1E1127B900455944 /* Build configuration list for PBXNativeTarget "JXAttributeLabelDemo" */ = {
			isa = XCConfigurationList;
			buildConfigurations = (
				943A8C3B1E1127B900455944 /* Debug */,
				943A8C3C1E1127B900455944 /* Release */,
			);
			defaultConfigurationIsVisible = 0;
			defaultConfigurationName = Release;
		};
/* End XCConfigurationList section */
	};
	rootObject = 943A8C1B1E1127B900455944 /* Project object */;
}
